{
  "version": 4,
  "terraform_version": "1.14.3",
  "serial": 62,
  "lineage": "b924ec5f-5bf2-1ad3-aa82-33963ffc77e0",
  "outputs": {
    "app_url": {
      "value": "http://localhost:8501",
      "type": "string"
    }
  },
  "resources": [
    {
      "mode": "managed",
      "type": "docker_image",
      "name": "app_image",
      "provider": "provider[\"registry.terraform.io/kreuzwerker/docker\"]",
      "instances": [
        {
          "schema_version": 0,
          "attributes": {
            "build": [
              {
                "auth_config": [],
                "build_args": {},
                "build_id": "",
                "build_log_file": "",
                "builder": "",
                "cache_from": [],
                "cgroup_parent": "",
                "context": "..",
                "cpu_period": 0,
                "cpu_quota": 0,
                "cpu_set_cpus": "",
                "cpu_set_mems": "",
                "cpu_shares": 0,
                "dockerfile": "Dockerfile",
                "extra_hosts": [],
                "force_remove": false,
                "isolation": "",
                "label": {},
                "labels": {},
                "memory": 0,
                "memory_swap": 0,
                "network_mode": "",
                "no_cache": false,
                "platform": "",
                "pull_parent": false,
                "remote_context": "",
                "remove": true,
                "secrets": [],
                "security_opt": [],
                "session_id": "",
                "shm_size": 0,
                "squash": false,
                "suppress_output": false,
                "tag": [],
                "target": "",
                "ulimit": [],
                "version": ""
              }
            ],
            "force_remove": null,
            "id": "sha256:445eda3bdf8070b1dfb2e70224ef1d60e111a66a74d88b7bf10ca302b8ca17f8expense-tracker:latest",
            "image_id": "sha256:445eda3bdf8070b1dfb2e70224ef1d60e111a66a74d88b7bf10ca302b8ca17f8",
            "keep_locally": null,
            "name": "expense-tracker:latest",
            "platform": null,
            "pull_triggers": null,
            "repo_digest": "expense-tracker@sha256:445eda3bdf8070b1dfb2e70224ef1d60e111a66a74d88b7bf10ca302b8ca17f8",
            "timeouts": null,
            "triggers": null
          },
          "sensitive_attributes": [],
          "identity_schema_version": 0,
          "private": "eyJlMmJmYjczMC1lY2FhLTExZTYtOGY4OC0zNDM2M2JjN2M0YzAiOnsiY3JlYXRlIjoxMjAwMDAwMDAwMDAwLCJkZWxldGUiOjEyMDAwMDAwMDAwMDAsInVwZGF0ZSI6MTIwMDAwMDAwMDAwMH19"
        }
      ]
    }
  ],
  "check_results": null
}
